
Microsoft Visual Studio Solution File, Format Version 12.00
# Visual Studio Version 18
VisualStudioVersion = 18.0.11205.157
MinimumVisualStudioVersion = 10.0.40219.1
Project("{FAE04EC0-301F-11D3-BF4B-00C04F79EFBC}") = "ConsoleOutputTest", "ConsoleOutputTest\ConsoleOutputTest.csproj", "{F6A1CE4B-6106-40B9-93BB-0754ED9FA612}"
EndProject
Project("{FAE04EC0-301F-11D3-BF4B-00C04F79EFBC}") = "DiskInfoToolkit", "DiskInfoToolkit\DiskInfoToolkit.csproj", "{EB2CE49A-1CB0-49B0-89FB-81588C2FF873}"
EndProject
Project("{FAE04EC0-301F-11D3-BF4B-00C04F79EFBC}") = "DiskInfoToolkit.Tests", "DiskInfoToolkit.Tests\DiskInfoToolkit.Tests.csproj", "{B9E3178F-BAA0-4DDD-A545-24BB29348F74}"
EndProject
Project("{FAE04EC0-301F-11D3-BF4B-00C04F79EFBC}") = "DiskInfoViewer", "DiskInfoViewer\DiskInfoViewer.csproj", "{180506D8-AE9B-43CC-990E-3A963953AC1D}"
EndProject
Project("{2150E333-8FDC-42A3-9474-1A3956D46DE8}") = "Solution items", "Solution items", "{02EA681E-C7D8-13C7-8484-4AC65E1B71E8}"
	ProjectSection(SolutionItems) = preProject
		LICENSE = LICENSE
		README.md = README.md
	EndProjectSection
EndProject
Project("{2150E333-8FDC-42A3-9474-1A3956D46DE8}") = "Build Tools", "Build Tools", "{703919FF-25B2-4359-9EE5-CAD4EEB09054}"
EndProject
Project("{FAE04EC0-301F-11D3-BF4B-00C04F79EFBC}") = "GZipSingleFile", "Tools\GZipSingleFile\GZipSingleFile.csproj", "{4BE0DB65-2BA7-B71F-1F70-5FFECA7735A1}"
EndProject
Global
	GlobalSection(SolutionConfigurationPlatforms) = preSolution
		Debug|Any CPU = Debug|Any CPU
		Release|Any CPU = Release|Any CPU
	EndGlobalSection
	GlobalSection(ProjectConfigurationPlatforms) = postSolution
		{F6A1CE4B-6106-40B9-93BB-0754ED9FA612}.Debug|Any CPU.ActiveCfg = Debug|Any CPU
		{F6A1CE4B-6106-40B9-93BB-0754ED9FA612}.Debug|Any CPU.Build.0 = Debug|Any CPU
		{F6A1CE4B-6106-40B9-93BB-0754ED9FA612}.Release|Any CPU.ActiveCfg = Release|Any CPU
		{F6A1CE4B-6106-40B9-93BB-0754ED9FA612}.Release|Any CPU.Build.0 = Release|Any CPU
		{EB2CE49A-1CB0-49B0-89FB-81588C2FF873}.Debug|Any CPU.ActiveCfg = Debug|Any CPU
		{EB2CE49A-1CB0-49B0-89FB-81588C2FF873}.Debug|Any CPU.Build.0 = Debug|Any CPU
		{EB2CE49A-1CB0-49B0-89FB-81588C2FF873}.Release|Any CPU.ActiveCfg = Release|Any CPU
		{EB2CE49A-1CB0-49B0-89FB-81588C2FF873}.Release|Any CPU.Build.0 = Release|Any CPU
		{B9E3178F-BAA0-4DDD-A545-24BB29348F74}.Debug|Any CPU.ActiveCfg = Debug|Any CPU
		{B9E3178F-BAA0-4DDD-A545-24BB29348F74}.Debug|Any CPU.Build.0 = Debug|Any CPU
		{B9E3178F-BAA0-4DDD-A545-24BB29348F74}.Release|Any CPU.ActiveCfg = Release|Any CPU
		{B9E3178F-BAA0-4DDD-A545-24BB29348F74}.Release|Any CPU.Build.0 = Release|Any CPU
		{180506D8-AE9B-43CC-990E-3A963953AC1D}.Debug|Any CPU.ActiveCfg = Debug|Any CPU
		{180506D8-AE9B-43CC-990E-3A963953AC1D}.Debug|Any CPU.Build.0 = Debug|Any CPU
		{180506D8-AE9B-43CC-990E-3A963953AC1D}.Release|Any CPU.ActiveCfg = Release|Any CPU
		{180506D8-AE9B-43CC-990E-3A963953AC1D}.Release|Any CPU.Build.0 = Release|Any CPU
		{4BE0DB65-2BA7-B71F-1F70-5FFECA7735A1}.Debug|Any CPU.ActiveCfg = Debug|Any CPU
		{4BE0DB65-2BA7-B71F-1F70-5FFECA7735A1}.Debug|Any CPU.Build.0 = Debug|Any CPU
		{4BE0DB65-2BA7-B71F-1F70-5FFECA7735A1}.Release|Any CPU.ActiveCfg = Release|Any CPU
		{4BE0DB65-2BA7-B71F-1F70-5FFECA7735A1}.Release|Any CPU.Build.0 = Release|Any CPU
	EndGlobalSection
	GlobalSection(SolutionProperties) = preSolution
		HideSolutionNode = FALSE
	EndGlobalSection
	GlobalSection(NestedProjects) = preSolution
		{4BE0DB65-2BA7-B71F-1F70-5FFECA7735A1} = {703919FF-25B2-4359-9EE5-CAD4EEB09054}
	EndGlobalSection
	GlobalSection(ExtensibilityGlobals) = postSolution
		SolutionGuid = {C0BF2278-FBA6-4015-A1A1-BEACF34AB497}
	EndGlobalSection
EndGlobal
